
Microsoft Visual Studio Solution File, Format Version 12.00
# Visual Studio Version 17
VisualStudioVersion = 17.14.36603.0 d17.14
MinimumVisualStudioVersion = 10.0.40219.1
Project("{FAE04EC0-301F-11D3-BF4B-00C04F79EFBC}") = "Ejercicio1.cs", "GonzalezParadaLucasSERV _1aEv\Ejercicio1.cs.csproj", "{A24BE5FA-AB4B-4D98-BBF6-90EB8E6B8F93}"
EndProject
Project("{FAE04EC0-301F-11D3-BF4B-00C04F79EFBC}") = "Ejercicio2", "Ejercicio2\Ejercicio2.csproj", "{CCFC8205-FE85-421A-9E44-5FAA4A52FB5D}"
EndProject
Global
	GlobalSection(SolutionConfigurationPlatforms) = preSolution
		Debug|Any CPU = Debug|Any CPU
		Release|Any CPU = Release|Any CPU
	EndGlobalSection
	GlobalSection(ProjectConfigurationPlatforms) = postSolution
		{A24BE5FA-AB4B-4D98-BBF6-90EB8E6B8F93}.Debug|Any CPU.ActiveCfg = Debug|Any CPU
		{A24BE5FA-AB4B-4D98-BBF6-90EB8E6B8F93}.Debug|Any CPU.Build.0 = Debug|Any CPU
		{A24BE5FA-AB4B-4D98-BBF6-90EB8E6B8F93}.Release|Any CPU.ActiveCfg = Release|Any CPU
		{A24BE5FA-AB4B-4D98-BBF6-90EB8E6B8F93}.Release|Any CPU.Build.0 = Release|Any CPU
		{CCFC8205-FE85-421A-9E44-5FAA4A52FB5D}.Debug|Any CPU.ActiveCfg = Debug|Any CPU
		{CCFC8205-FE85-421A-9E44-5FAA4A52FB5D}.Debug|Any CPU.Build.0 = Debug|Any CPU
		{CCFC8205-FE85-421A-9E44-5FAA4A52FB5D}.Release|Any CPU.ActiveCfg = Release|Any CPU
		{CCFC8205-FE85-421A-9E44-5FAA4A52FB5D}.Release|Any CPU.Build.0 = Release|Any CPU
	EndGlobalSection
	GlobalSection(SolutionProperties) = preSolution
		HideSolutionNode = FALSE
	EndGlobalSection
	GlobalSection(ExtensibilityGlobals) = postSolution
		SolutionGuid = {CA497DA7-49E4-41B5-B026-83BD15A66426}
	EndGlobalSection
EndGlobal
