
Microsoft Visual Studio Solution File, Format Version 12.00
# Visual Studio Version 17
VisualStudioVersion = 17.14.36429.23
MinimumVisualStudioVersion = 10.0.40219.1
Project("{FAE04EC0-301F-11D3-BF4B-00C04F79EFBC}") = "Ejercicio2", "Ejercicio2\Ejercicio2.csproj", "{4BB8A39C-BDF1-4D84-A37A-D13FC4A6823D}"
EndProject
Project("{FAE04EC0-301F-11D3-BF4B-00C04F79EFBC}") = "Ejercicio7", "..\..\..\..\Interfaces\Interfaces\Bol1\Ejercicio7\Ejercicio7\Ejercicio7.csproj", "{E303F81B-FCDD-AFBE-A2B6-8AAE9A412E22}"
EndProject
Global
	GlobalSection(SolutionConfigurationPlatforms) = preSolution
		Debug|Any CPU = Debug|Any CPU
		Release|Any CPU = Release|Any CPU
	EndGlobalSection
	GlobalSection(ProjectConfigurationPlatforms) = postSolution
		{4BB8A39C-BDF1-4D84-A37A-D13FC4A6823D}.Debug|Any CPU.ActiveCfg = Debug|Any CPU
		{4BB8A39C-BDF1-4D84-A37A-D13FC4A6823D}.Debug|Any CPU.Build.0 = Debug|Any CPU
		{4BB8A39C-BDF1-4D84-A37A-D13FC4A6823D}.Release|Any CPU.ActiveCfg = Release|Any CPU
		{4BB8A39C-BDF1-4D84-A37A-D13FC4A6823D}.Release|Any CPU.Build.0 = Release|Any CPU
		{E303F81B-FCDD-AFBE-A2B6-8AAE9A412E22}.Debug|Any CPU.ActiveCfg = Debug|Any CPU
		{E303F81B-FCDD-AFBE-A2B6-8AAE9A412E22}.Debug|Any CPU.Build.0 = Debug|Any CPU
		{E303F81B-FCDD-AFBE-A2B6-8AAE9A412E22}.Release|Any CPU.ActiveCfg = Release|Any CPU
		{E303F81B-FCDD-AFBE-A2B6-8AAE9A412E22}.Release|Any CPU.Build.0 = Release|Any CPU
	EndGlobalSection
	GlobalSection(SolutionProperties) = preSolution
		HideSolutionNode = FALSE
	EndGlobalSection
	GlobalSection(ExtensibilityGlobals) = postSolution
		SolutionGuid = {B053E6C9-1774-4126-B2C5-84BA4B13DA2B}
	EndGlobalSection
EndGlobal
