
Microsoft Visual Studio Solution File, Format Version 12.00
# Visual Studio Version 17
VisualStudioVersion = 17.14.36429.23
MinimumVisualStudioVersion = 10.0.40219.1
Project("{FAE04EC0-301F-11D3-BF4B-00C04F79EFBC}") = "Ejercicio1", "Ejercicio1\Ejercicio1.csproj", "{435A364A-7005-451E-A3F4-9654F8A0C2AD}"
EndProject
Project("{FAE04EC0-301F-11D3-BF4B-00C04F79EFBC}") = "Cliente", "Cliente\Cliente.csproj", "{5160B963-2D74-4A63-B2A7-1EBAB9F609B2}"
EndProject
Global
	GlobalSection(SolutionConfigurationPlatforms) = preSolution
		Debug|Any CPU = Debug|Any CPU
		Release|Any CPU = Release|Any CPU
	EndGlobalSection
	GlobalSection(ProjectConfigurationPlatforms) = postSolution
		{435A364A-7005-451E-A3F4-9654F8A0C2AD}.Debug|Any CPU.ActiveCfg = Debug|Any CPU
		{435A364A-7005-451E-A3F4-9654F8A0C2AD}.Debug|Any CPU.Build.0 = Debug|Any CPU
		{435A364A-7005-451E-A3F4-9654F8A0C2AD}.Release|Any CPU.ActiveCfg = Release|Any CPU
		{435A364A-7005-451E-A3F4-9654F8A0C2AD}.Release|Any CPU.Build.0 = Release|Any CPU
		{5160B963-2D74-4A63-B2A7-1EBAB9F609B2}.Debug|Any CPU.ActiveCfg = Debug|Any CPU
		{5160B963-2D74-4A63-B2A7-1EBAB9F609B2}.Debug|Any CPU.Build.0 = Debug|Any CPU
		{5160B963-2D74-4A63-B2A7-1EBAB9F609B2}.Release|Any CPU.ActiveCfg = Release|Any CPU
		{5160B963-2D74-4A63-B2A7-1EBAB9F609B2}.Release|Any CPU.Build.0 = Release|Any CPU
	EndGlobalSection
	GlobalSection(SolutionProperties) = preSolution
		HideSolutionNode = FALSE
	EndGlobalSection
	GlobalSection(ExtensibilityGlobals) = postSolution
		SolutionGuid = {2FE5556E-59B8-4586-9061-55362EEA8788}
	EndGlobalSection
EndGlobal
